
Microsoft Visual Studio Solution File, Format Version 12.00
# Visual Studio Version 17
VisualStudioVersion = 17.13.35931.197 d17.13
MinimumVisualStudioVersion = 10.0.40219.1
Project("{FAE04EC0-301F-11D3-BF4B-00C04F79EFBC}") = "SGualpaS3A", "SGualpaS3A.csproj", "{79CE3ED6-E23E-47E6-8ADE-1BA8827A8B47}"
EndProject
Global
	GlobalSection(SolutionConfigurationPlatforms) = preSolution
		Debug|Any CPU = Debug|Any CPU
		Release|Any CPU = Release|Any CPU
	EndGlobalSection
	GlobalSection(ProjectConfigurationPlatforms) = postSolution
		{79CE3ED6-E23E-47E6-8ADE-1BA8827A8B47}.Debug|Any CPU.ActiveCfg = Debug|Any CPU
		{79CE3ED6-E23E-47E6-8ADE-1BA8827A8B47}.Debug|Any CPU.Build.0 = Debug|Any CPU
		{79CE3ED6-E23E-47E6-8ADE-1BA8827A8B47}.Release|Any CPU.ActiveCfg = Release|Any CPU
		{79CE3ED6-E23E-47E6-8ADE-1BA8827A8B47}.Release|Any CPU.Build.0 = Release|Any CPU
	EndGlobalSection
	GlobalSection(SolutionProperties) = preSolution
		HideSolutionNode = FALSE
	EndGlobalSection
	GlobalSection(ExtensibilityGlobals) = postSolution
		SolutionGuid = {D719EEAE-BBFD-4FB3-9D7E-E8BB09F784C9}
	EndGlobalSection
EndGlobal
